version = 2
okr-version = "0.1.10"
generated = "2026-09-16T00:00:00Z"
snapshot = "2026-09-16"
config-digest = "sha256:d8af89d090688c7ff5da64fc836b4347237dab4a05cdc44901fbc83851869a6c"
environment-digest = "sha256:27af0b1e70db8cf959ca2c2eccca7b7c682de94bcdc6601b35e1409ec78dca63"

[[package]]
name = "R6"
version = "2.6.1"
source = "cran"
url = "https://packagemanager.posit.co/cran/2026-09-16/src/contrib/R6_2.6.1.tar.gz"
fetch-method = "tarball"
tree-digest = "sha256:a1a7b176632943a2215fb7e3db53718b7b75006a0b1ffba66af6a43bff243d81"
license = "MIT + file LICENSE"

[[package]]
name = "aurora"
version = "0.1.12"
source = "cran"
url = "https://packagemanager.posit.co/cran/2026-09-16/src/contrib/aurora_0.1.12.tar.gz"
fetch-method = "tarball"
tree-digest = "sha256:1ba99087c0de1978486afbb2300ed91681a1f708267815c51f65bd531ef4443c"
license = "MIT + file LICENSE"

[[package]]
name = "blockr.session"
version = "0.1.0"
source = "cran"
url = "https://packagemanager.posit.co/cran/2026-09-16/src/contrib/blockr.session_0.1.0.tar.gz"
fetch-method = "tarball"
tree-digest = "sha256:4268e4556c3838558e9f53c198a0ec669039c8c35348f5b9fc2d10aa8c35581f"
license = "GPL (>= 3)"

[[package]]
name = "bslib"
version = "0.12.0"
source = "cran"
url = "https://packagemanager.posit.co/cran/2026-09-16/src/contrib/bslib_0.12.0.tar.gz"
fetch-method = "tarball"
tree-digest = "sha256:1cc6eef156c8ccd7553c0724fc468062c36566cff9e8118cecfb2a2d3640169e"
license = "MIT + file LICENSE"

[[package]]
name = "chromote"
version = "0.5.1"
source = "cran"
url = "https://packagemanager.posit.co/cran/2026-09-16/src/contrib/chromote_0.5.1.tar.gz"
fetch-method = "tarball"
tree-digest = "sha256:0d5ab14a7b55944c13962605ce1b8ae5a0d054dc5538e14218946e0c50d53df0"
license = "MIT + file LICENSE"

[[package]]
name = "ellmer"
version = "0.5.0"
source = "cran"
url = "https://packagemanager.posit.co/cran/2026-09-16/src/contrib/ellmer_0.5.0.tar.gz"
fetch-method = "tarball"
tree-digest = "sha256:477bda1311b98bbeb1e80b5f22fc8d7d0890c0d858d199406b49cabf81e93f32"
license = "MIT + file LICENSE"

[[package]]
name = "formods"
version = "0.2.2"
source = "cran"
url = "https://packagemanager.posit.co/cran/2026-09-16/src/contrib/formods_0.2.2.tar.gz"
fetch-method = "tarball"
tree-digest = "sha256:cee036fc4ee7ee55c701ae1d033d4eeeecd28726b0b769d74888d62c3a46bf72"
license = "BSD_2_clause + file LICENSE"

[[package]]
name = "htmltools"
version = "0.5.9"
source = "cran"
url = "https://packagemanager.posit.co/cran/2026-09-16/src/contrib/htmltools_0.5.9.tar.gz"
fetch-method = "tarball"
tree-digest = "sha256:9fd497a95b004ef0c04af1b149cbb4c083c26349aea9c4b8a610b33350400b3a"
license = "GPL (>= 2)"

[[package]]
name = "httpuv"
version = "1.6.17"
source = "cran"
url = "https://packagemanager.posit.co/cran/2026-09-16/src/contrib/httpuv_1.6.17.tar.gz"
fetch-method = "tarball"
tree-digest = "sha256:253d255c2ff74ec275a14ddb4c3e2ecc574a5ab6edd31682b55bfbe3d250fff4"
license = "GPL (>= 2) | file LICENSE"

[[package]]
name = "jsonlite"
version = "2.0.0"
source = "cran"
url = "https://packagemanager.posit.co/cran/2026-09-16/src/contrib/jsonlite_2.0.0.tar.gz"
fetch-method = "tarball"
tree-digest = "sha256:dd2132767741931c2d7f3082602579af94a8acb59a42e760463067becb7e5119"
license = "MIT + file LICENSE"

[[package]]
name = "promises"
version = "1.5.0"
source = "cran"
url = "https://packagemanager.posit.co/cran/2026-09-16/src/contrib/promises_1.5.0.tar.gz"
fetch-method = "tarball"
tree-digest = "sha256:a8808d1574b0ae2f27485b4da17c7f6fb516c04fe3bc42928659e59876385c0b"
license = "MIT + file LICENSE"

[[package]]
name = "reactlog"
version = "1.1.1"
source = "cran"
url = "https://packagemanager.posit.co/cran/2026-09-16/src/contrib/reactlog_1.1.1.tar.gz"
fetch-method = "tarball"
tree-digest = "sha256:1bf40c68d8e37f5cc7e255cb1074889b015740e56cce3c242654135f1bce5a7e"
license = "GPL-3 | file LICENSE"

[[package]]
name = "rewind"
version = "0.2.0"
source = "cran"
url = "https://packagemanager.posit.co/cran/2026-09-16/src/contrib/rewind_0.2.0.tar.gz"
fetch-method = "tarball"
tree-digest = "sha256:d7998f9955026cf4346205dc8e8dacc57a2af93278761ab0c13fcfca8badec63"
license = "MIT + file LICENSE"

[[package]]
name = "shinyMatrix"
version = "0.8.1"
source = "cran"
url = "https://packagemanager.posit.co/cran/2026-09-16/src/contrib/shinyMatrix_0.8.1.tar.gz"
fetch-method = "tarball"
tree-digest = "sha256:fb7d4718e7a35eb761a68e49c3ec7fa21b1aa89bbc6444fafa367d77c5baf66a"
license = "MIT + file LICENSE"

[[package]]
name = "shinychat"
version = "0.5.0"
source = "cran"
url = "https://packagemanager.posit.co/cran/2026-09-16/src/contrib/shinychat_0.5.0.tar.gz"
fetch-method = "tarball"
tree-digest = "sha256:9306a5d3f1cc5877fc8953d88b0623b98067522bbfd192b491b235569f7002fc"
license = "MIT + file LICENSE"

[[package]]
name = "shinyobjects"
version = "0.2.0"
source = "cran"
url = "https://packagemanager.posit.co/cran/2026-09-16/src/contrib/shinyobjects_0.2.0.tar.gz"
fetch-method = "tarball"
tree-digest = "sha256:263f744df528f64a07f887f4f58d14c776fb69411e74031170fd3ced55e78e50"
license = "GPL-3"

[[package]]
name = "shinystate"
version = "0.1.0"
source = "cran"
url = "https://packagemanager.posit.co/cran/2026-09-16/src/contrib/shinystate_0.1.0.tar.gz"
fetch-method = "tarball"
tree-digest = "sha256:93cf1d9010a47e4fb8dc98690219e77868c24fabc6b59e6154c20411a699c3c4"
license = "MIT + file LICENSE"

[[package]]
name = "shinytest2"
version = "0.5.1"
source = "cran"
url = "https://packagemanager.posit.co/cran/2026-09-16/src/contrib/shinytest2_0.5.1.tar.gz"
fetch-method = "tarball"
tree-digest = "sha256:8721bc7bed73d8254043b12be75c6414ebac311a4668d88143a5b93b1bcd437e"
license = "MIT + file LICENSE"

[[package]]
name = "withr"
version = "3.0.3"
source = "cran"
url = "https://packagemanager.posit.co/cran/2026-09-16/src/contrib/withr_3.0.3.tar.gz"
fetch-method = "tarball"
tree-digest = "sha256:b4343ffc0f082e45cb1c9c44180bd075857a75cd34bbf37b8ee959c4b1afacb0"
license = "MIT + file LICENSE"

[[package]]
name = "zip"
version = "3.0.2"
source = "cran"
url = "https://packagemanager.posit.co/cran/2026-09-16/src/contrib/zip_3.0.2.tar.gz"
fetch-method = "tarball"
tree-digest = "sha256:71d10e2926cb111f0fba51496c70dcffca6d5a7962d06bfe62503513e7ae2850"
license = "MIT + file LICENSE"

[[package]]
name = "zmij"
version = "0.1.0"
source = "cran"
url = "https://packagemanager.posit.co/cran/2026-09-16/src/contrib/zmij_0.1.0.tar.gz"
fetch-method = "tarball"
tree-digest = "sha256:6f63e989d778503dcb2ddf8408686a96a36f27017c9f9688d2621110ecb61246"
license = "MIT + file LICENSE"

[[reference]]
name = "extrachecks"
source = "github::DavisVaughan/extrachecks"
commit = "a37e1ee87e47e99ba0ed88a4dfe417141ca5d89e"
fetch-method = "forge-tarball"
tree-digest = "sha256:72798d72a73e0a440c376925b28ebef34bcb705be1ab187b9db4bb696a1c6aff"

[[reference]]
name = "shiny"
source = "github::rstudio/shiny"
commit = "81844600fc15f1952838546faa6699d0506ce7f9"
fetch-method = "forge-tarball"
tree-digest = "sha256:09bbe9fa1799680e98a9c904a21cb23a2545ed81f5a6146402446a5385c6263c"
license = "LICENSE"

[[reference]]
name = "shinyURL"
source = "github::aoles/shinyURL"
commit = "ac5b6834e8d28b560b3523829aba190203d44321"
fetch-method = "forge-tarball"
tree-digest = "sha256:cd7b56070323cf15be4937cf1915f1f8fc5b9a5947fd37294e0a3c553b82337a"
